# This file is automatically @generated by Cargo.
# It is not intended for manual editing.
version = 4

[[package]]
name = "arc"
version = "0.1.0"

[[package]]
name = "cell"
version = "0.1.0"

[[package]]
name = "mutex"
version = "0.1.0"

[[package]]
name = "refcell"
version = "0.1.0"

[[package]]
name = "reference_counter"
version = "0.1.0"

[[package]]
name = "rwlock"
version = "0.1.0"

[[package]]
name = "scoped_threads"
version = "0.1.0"

[[package]]
name = "static_fields"
version = "0.1.0"

[[package]]
name = "thread_id"
version = "0.1.0"
