# This file is automatically @generated by Cargo.
# It is not intended for manual editing.
version = 4

[[package]]
name = "arc"
version = "0.1.0"

[[package]]
name = "atomics"
version = "0.1.0"

[[package]]
name = "cell"
version = "0.1.0"

[[package]]
name = "condvar"
version = "0.1.0"

[[package]]
name = "holding_mutex"
version = "0.1.0"

[[package]]
name = "i32"
version = "0.1.0"

[[package]]
name = "lazy_initialization"
version = "0.1.0"

[[package]]
name = "mutex"
version = "0.1.0"

[[package]]
name = "once"
version = "0.1.0"

[[package]]
name = "once_lock"
version = "0.1.0"

[[package]]
name = "parking_threads"
version = "0.1.0"

[[package]]
name = "phantom_data"
version = "0.1.0"

[[package]]
name = "raw_ptrs"
version = "0.1.0"

[[package]]
name = "refcell"
version = "0.1.0"

[[package]]
name = "reference_counter"
version = "0.1.0"

[[package]]
name = "report_progress"
version = "0.1.0"

[[package]]
name = "rwlock"
version = "0.1.0"

[[package]]
name = "scoped_threads"
version = "0.1.0"

[[package]]
name = "static_fields"
version = "0.1.0"

[[package]]
name = "thread_id"
version = "0.1.0"

[[package]]
name = "while_let_range"
version = "0.1.0"
